
Microsoft Visual Studio Solution File, Format Version 12.00
# Visual Studio Version 16
VisualStudioVersion = 16.0.30804.86
MinimumVisualStudioVersion = 10.0.40219.1
Project("{FAE04EC0-301F-11D3-BF4B-00C04F79EFBC}") = "Урок 7", "Урок 7\Урок 7.csproj", "{5EE21108-3722-48DD-A6C6-EB2D9532D7F4}"
EndProject
Global
	GlobalSection(SolutionConfigurationPlatforms) = preSolution
		Debug|Any CPU = Debug|Any CPU
		Release|Any CPU = Release|Any CPU
	EndGlobalSection
	GlobalSection(ProjectConfigurationPlatforms) = postSolution
		{5EE21108-3722-48DD-A6C6-EB2D9532D7F4}.Debug|Any CPU.ActiveCfg = Debug|Any CPU
		{5EE21108-3722-48DD-A6C6-EB2D9532D7F4}.Debug|Any CPU.Build.0 = Debug|Any CPU
		{5EE21108-3722-48DD-A6C6-EB2D9532D7F4}.Release|Any CPU.ActiveCfg = Release|Any CPU
		{5EE21108-3722-48DD-A6C6-EB2D9532D7F4}.Release|Any CPU.Build.0 = Release|Any CPU
	EndGlobalSection
	GlobalSection(SolutionProperties) = preSolution
		HideSolutionNode = FALSE
	EndGlobalSection
	GlobalSection(ExtensibilityGlobals) = postSolution
		SolutionGuid = {538064BD-1937-4057-A345-C2974D8FC4CC}
	EndGlobalSection
EndGlobal
